Microsoft Visual Studio Solution File, Format Version 12.00
# Visual Studio Version 17
VisualStudioVersion = 17.5.2.0
MinimumVisualStudioVersion = 10.0.40219.1
Project("{FAE04EC0-301F-11D3-BF4B-00C04F79EFBC}") = "PayPledge", "PayPledge\PayPledge.csproj", "{8FE97510-11C2-385D-06AE-2D3A7903C039}"
EndProject
Global
	GlobalSection(SolutionConfigurationPlatforms) = preSolution
		Debug|Any CPU = Debug|Any CPU
		Release|Any CPU = Release|Any CPU
	EndGlobalSection
	GlobalSection(ProjectConfigurationPlatforms) = postSolution
		{8FE97510-11C2-385D-06AE-2D3A7903C039}.Debug|Any CPU.ActiveCfg = Debug|Any CPU
		{8FE97510-11C2-385D-06AE-2D3A7903C039}.Debug|Any CPU.Build.0 = Debug|Any CPU
		{8FE97510-11C2-385D-06AE-2D3A7903C039}.Release|Any CPU.ActiveCfg = Release|Any CPU
		{8FE97510-11C2-385D-06AE-2D3A7903C039}.Release|Any CPU.Build.0 = Release|Any CPU
	EndGlobalSection
	GlobalSection(SolutionProperties) = preSolution
		HideSolutionNode = FALSE
	EndGlobalSection
	GlobalSection(ExtensibilityGlobals) = postSolution
		SolutionGuid = {BBBAE724-FE05-40A4-998A-F4C0D218CF46}
	EndGlobalSection
EndGlobal
